
Microsoft Visual Studio Solution File, Format Version 12.00
# Visual Studio 15
VisualStudioVersion = 15.0.28307.421
MinimumVisualStudioVersion = 10.0.40219.1
Project("{FAE04EC0-301F-11D3-BF4B-00C04F79EFBC}") = "lnksploit", "lnksploit\lnksploit.csproj", "{6C65498B-6C9C-4692-B118-1B3821FD0BB1}"
EndProject
Global
	GlobalSection(SolutionConfigurationPlatforms) = preSolution
		Debug|Any CPU = Debug|Any CPU
		Release|Any CPU = Release|Any CPU
	EndGlobalSection
	GlobalSection(ProjectConfigurationPlatforms) = postSolution
		{6C65498B-6C9C-4692-B118-1B3821FD0BB1}.Debug|Any CPU.ActiveCfg = Debug|Any CPU
		{6C65498B-6C9C-4692-B118-1B3821FD0BB1}.Debug|Any CPU.Build.0 = Debug|Any CPU
		{6C65498B-6C9C-4692-B118-1B3821FD0BB1}.Release|Any CPU.ActiveCfg = Release|Any CPU
		{6C65498B-6C9C-4692-B118-1B3821FD0BB1}.Release|Any CPU.Build.0 = Release|Any CPU
	EndGlobalSection
	GlobalSection(SolutionProperties) = preSolution
		HideSolutionNode = FALSE
	EndGlobalSection
	GlobalSection(ExtensibilityGlobals) = postSolution
		SolutionGuid = {3A6E4993-5F00-42D1-B8F5-2D2B53565FA8}
	EndGlobalSection
EndGlobal
